
Microsoft Visual Studio Solution File, Format Version 12.00
Project("{FAE04EC0-301F-11D3-BF4B-00C04F79EFBC}") = "DiscreteSimulation.GUI", "DiscreteSimulation.GUI\DiscreteSimulation.GUI.csproj", "{1547FDEC-D2AD-4001-A9A4-2F8E7F6FD445}"
EndProject
Project("{FAE04EC0-301F-11D3-BF4B-00C04F79EFBC}") = "DiscreteSimulation.Core", "DiscreteSimulation.Core\DiscreteSimulation.Core.csproj", "{133B5446-F101-4AC7-BCEA-36460696A645}"
EndProject
Project("{FAE04EC0-301F-11D3-BF4B-00C04F79EFBC}") = "DiscreteSimulation.Console", "DiscreteSimulation.Console\DiscreteSimulation.Console.csproj", "{933D6A70-0320-404C-8A99-46954F69A514}"
EndProject
Project("{FAE04EC0-301F-11D3-BF4B-00C04F79EFBC}") = "DiscreteSimulation.FurnitureManufacturer", "DiscreteSimulation.FurnitureManufacturer\DiscreteSimulation.FurnitureManufacturer.csproj", "{43B72110-B364-42C9-8FE3-4DFD628F302D}"
EndProject
Global
	GlobalSection(SolutionConfigurationPlatforms) = preSolution
		Debug|Any CPU = Debug|Any CPU
		Release|Any CPU = Release|Any CPU
	EndGlobalSection
	GlobalSection(ProjectConfigurationPlatforms) = postSolution
		{1547FDEC-D2AD-4001-A9A4-2F8E7F6FD445}.Debug|Any CPU.ActiveCfg = Debug|Any CPU
		{1547FDEC-D2AD-4001-A9A4-2F8E7F6FD445}.Debug|Any CPU.Build.0 = Debug|Any CPU
		{1547FDEC-D2AD-4001-A9A4-2F8E7F6FD445}.Release|Any CPU.ActiveCfg = Release|Any CPU
		{1547FDEC-D2AD-4001-A9A4-2F8E7F6FD445}.Release|Any CPU.Build.0 = Release|Any CPU
		{133B5446-F101-4AC7-BCEA-36460696A645}.Debug|Any CPU.ActiveCfg = Debug|Any CPU
		{133B5446-F101-4AC7-BCEA-36460696A645}.Debug|Any CPU.Build.0 = Debug|Any CPU
		{133B5446-F101-4AC7-BCEA-36460696A645}.Release|Any CPU.ActiveCfg = Release|Any CPU
		{133B5446-F101-4AC7-BCEA-36460696A645}.Release|Any CPU.Build.0 = Release|Any CPU
		{933D6A70-0320-404C-8A99-46954F69A514}.Debug|Any CPU.ActiveCfg = Debug|Any CPU
		{933D6A70-0320-404C-8A99-46954F69A514}.Debug|Any CPU.Build.0 = Debug|Any CPU
		{933D6A70-0320-404C-8A99-46954F69A514}.Release|Any CPU.ActiveCfg = Release|Any CPU
		{933D6A70-0320-404C-8A99-46954F69A514}.Release|Any CPU.Build.0 = Release|Any CPU
		{43B72110-B364-42C9-8FE3-4DFD628F302D}.Debug|Any CPU.ActiveCfg = Debug|Any CPU
		{43B72110-B364-42C9-8FE3-4DFD628F302D}.Debug|Any CPU.Build.0 = Debug|Any CPU
		{43B72110-B364-42C9-8FE3-4DFD628F302D}.Release|Any CPU.ActiveCfg = Release|Any CPU
		{43B72110-B364-42C9-8FE3-4DFD628F302D}.Release|Any CPU.Build.0 = Release|Any CPU
	EndGlobalSection
EndGlobal
